Microsoft Visual Studio Solution File, Format Version 11.00
# Visual Studio 2008

Project("{DBF99499-D027-CE65-DF8F-D9965A4DCFE5}") = "ESPERO_Casino", "Assembly-CSharp.csproj", "{D58DD636-F61D-E7BC-4B30-068D8AFA81CB}"
EndProject
Global
	GlobalSection(SolutionConfigurationPlatforms) = preSolution
		Debug|Any CPU = Debug|Any CPU
		Release|Any CPU = Release|Any CPU
	EndGlobalSection
	GlobalSection(ProjectConfigurationPlatforms) = postSolution
		{D58DD636-F61D-E7BC-4B30-068D8AFA81CB}.Debug|Any CPU.ActiveCfg = Debug|Any CPU
		{D58DD636-F61D-E7BC-4B30-068D8AFA81CB}.Debug|Any CPU.Build.0 = Debug|Any CPU
		{D58DD636-F61D-E7BC-4B30-068D8AFA81CB}.Release|Any CPU.ActiveCfg = Release|Any CPU
		{D58DD636-F61D-E7BC-4B30-068D8AFA81CB}.Release|Any CPU.Build.0 = Release|Any CPU
	EndGlobalSection
	GlobalSection(SolutionProperties) = preSolution
		HideSolutionNode = FALSE
	EndGlobalSection
	GlobalSection(MonoDevelopProperties) = preSolution
		StartupItem = Assembly-CSharp.csproj
	EndGlobalSection
EndGlobal
